
Microsoft Visual Studio Solution File, Format Version 12.00
# Visual Studio Version 16
VisualStudioVersion = 16.0.29503.13
MinimumVisualStudioVersion = 10.0.40219.1
Project("{9A19103F-16F7-4668-BE54-9A1E7A4F7556}") = "Unity.Editor.Tasks", "src\com.unity.editor.tasks\Editor\Unity.Editor.Tasks.csproj", "{C980B7D1-A811-4C64-8512-D6E85AD703A6}"
EndProject
Project("{2150E333-8FDC-42A3-9474-1A3956D46DE8}") = "tests", "tests", "{13E9D517-C9FB-4DBE-B4B2-10748698E27E}"
EndProject
Project("{9A19103F-16F7-4668-BE54-9A1E7A4F7556}") = "Tasks.Tests", "tests\Tasks.Tests\Tasks.Tests.csproj", "{452FEC2C-09AD-4FB5-965C-29D1FB872A4E}"
EndProject
Project("{2150E333-8FDC-42A3-9474-1A3956D46DE8}") = "helpers", "helpers", "{93CD1CE7-1B0E-47A0-ADC3-F30702D65605}"
EndProject
Project("{9A19103F-16F7-4668-BE54-9A1E7A4F7556}") = "TestBase", "tests\Helpers\TestBase\TestBase.csproj", "{93F4BC16-1A50-4DB1-8FA3-78FCDB54B365}"
EndProject
Project("{9A19103F-16F7-4668-BE54-9A1E7A4F7556}") = "Helper.CommandLine", "tests\Helpers\Helper.CommandLine\Helper.CommandLine.csproj", "{9A8F0974-A7AE-433B-8C49-5DBD30B0E479}"
EndProject
Project("{9A19103F-16F7-4668-BE54-9A1E7A4F7556}") = "Helper.WebServer", "tests\Helpers\Helper.WebServer\Helper.WebServer.csproj", "{F946F77C-25DD-44CE-AB8A-5E23528AC70F}"
EndProject
Global
	GlobalSection(SolutionConfigurationPlatforms) = preSolution
		Debug|Any CPU = Debug|Any CPU
		DebugUnity|Any CPU = DebugUnity|Any CPU
		Release|Any CPU = Release|Any CPU
		ReleaseUnity|Any CPU = ReleaseUnity|Any CPU
	EndGlobalSection
	GlobalSection(ProjectConfigurationPlatforms) = postSolution
		{C980B7D1-A811-4C64-8512-D6E85AD703A6}.Debug|Any CPU.ActiveCfg = Debug|Any CPU
		{C980B7D1-A811-4C64-8512-D6E85AD703A6}.Debug|Any CPU.Build.0 = Debug|Any CPU
		{C980B7D1-A811-4C64-8512-D6E85AD703A6}.DebugUnity|Any CPU.ActiveCfg = DebugUnity|Any CPU
		{C980B7D1-A811-4C64-8512-D6E85AD703A6}.DebugUnity|Any CPU.Build.0 = DebugUnity|Any CPU
		{C980B7D1-A811-4C64-8512-D6E85AD703A6}.Release|Any CPU.ActiveCfg = Release|Any CPU
		{C980B7D1-A811-4C64-8512-D6E85AD703A6}.Release|Any CPU.Build.0 = Release|Any CPU
		{C980B7D1-A811-4C64-8512-D6E85AD703A6}.ReleaseUnity|Any CPU.ActiveCfg = ReleaseUnity|Any CPU
		{C980B7D1-A811-4C64-8512-D6E85AD703A6}.ReleaseUnity|Any CPU.Build.0 = ReleaseUnity|Any CPU
		{452FEC2C-09AD-4FB5-965C-29D1FB872A4E}.Debug|Any CPU.ActiveCfg = Debug|Any CPU
		{452FEC2C-09AD-4FB5-965C-29D1FB872A4E}.Debug|Any CPU.Build.0 = Debug|Any CPU
		{452FEC2C-09AD-4FB5-965C-29D1FB872A4E}.DebugUnity|Any CPU.ActiveCfg = DebugUnity|Any CPU
		{452FEC2C-09AD-4FB5-965C-29D1FB872A4E}.Release|Any CPU.ActiveCfg = Release|Any CPU
		{452FEC2C-09AD-4FB5-965C-29D1FB872A4E}.Release|Any CPU.Build.0 = Release|Any CPU
		{452FEC2C-09AD-4FB5-965C-29D1FB872A4E}.ReleaseUnity|Any CPU.ActiveCfg = ReleaseUnity|Any CPU
		{93F4BC16-1A50-4DB1-8FA3-78FCDB54B365}.Debug|Any CPU.ActiveCfg = Debug|Any CPU
		{93F4BC16-1A50-4DB1-8FA3-78FCDB54B365}.Debug|Any CPU.Build.0 = Debug|Any CPU
		{93F4BC16-1A50-4DB1-8FA3-78FCDB54B365}.DebugUnity|Any CPU.ActiveCfg = DebugUnity|Any CPU
		{93F4BC16-1A50-4DB1-8FA3-78FCDB54B365}.Release|Any CPU.ActiveCfg = Release|Any CPU
		{93F4BC16-1A50-4DB1-8FA3-78FCDB54B365}.Release|Any CPU.Build.0 = Release|Any CPU
		{93F4BC16-1A50-4DB1-8FA3-78FCDB54B365}.ReleaseUnity|Any CPU.ActiveCfg = ReleaseUnity|Any CPU
		{9A8F0974-A7AE-433B-8C49-5DBD30B0E479}.Debug|Any CPU.ActiveCfg = Debug|Any CPU
		{9A8F0974-A7AE-433B-8C49-5DBD30B0E479}.Debug|Any CPU.Build.0 = Debug|Any CPU
		{9A8F0974-A7AE-433B-8C49-5DBD30B0E479}.DebugUnity|Any CPU.ActiveCfg = DebugUnity|Any CPU
		{9A8F0974-A7AE-433B-8C49-5DBD30B0E479}.Release|Any CPU.ActiveCfg = Release|Any CPU
		{9A8F0974-A7AE-433B-8C49-5DBD30B0E479}.Release|Any CPU.Build.0 = Release|Any CPU
		{9A8F0974-A7AE-433B-8C49-5DBD30B0E479}.ReleaseUnity|Any CPU.ActiveCfg = ReleaseUnity|Any CPU
		{F946F77C-25DD-44CE-AB8A-5E23528AC70F}.Debug|Any CPU.ActiveCfg = Debug|Any CPU
		{F946F77C-25DD-44CE-AB8A-5E23528AC70F}.Debug|Any CPU.Build.0 = Debug|Any CPU
		{F946F77C-25DD-44CE-AB8A-5E23528AC70F}.DebugUnity|Any CPU.ActiveCfg = DebugUnity|Any CPU
		{F946F77C-25DD-44CE-AB8A-5E23528AC70F}.Release|Any CPU.ActiveCfg = Release|Any CPU
		{F946F77C-25DD-44CE-AB8A-5E23528AC70F}.Release|Any CPU.Build.0 = Release|Any CPU
		{F946F77C-25DD-44CE-AB8A-5E23528AC70F}.ReleaseUnity|Any CPU.ActiveCfg = ReleaseUnity|Any CPU
	EndGlobalSection
	GlobalSection(SolutionProperties) = preSolution
		HideSolutionNode = FALSE
	EndGlobalSection
	GlobalSection(NestedProjects) = preSolution
		{452FEC2C-09AD-4FB5-965C-29D1FB872A4E} = {13E9D517-C9FB-4DBE-B4B2-10748698E27E}
		{93F4BC16-1A50-4DB1-8FA3-78FCDB54B365} = {93CD1CE7-1B0E-47A0-ADC3-F30702D65605}
		{9A8F0974-A7AE-433B-8C49-5DBD30B0E479} = {93CD1CE7-1B0E-47A0-ADC3-F30702D65605}
		{F946F77C-25DD-44CE-AB8A-5E23528AC70F} = {93CD1CE7-1B0E-47A0-ADC3-F30702D65605}
	EndGlobalSection
	GlobalSection(ExtensibilityGlobals) = postSolution
		SolutionGuid = {11F9BFE4-27A0-4CCF-A3C1-3683D75126A6}
	EndGlobalSection
EndGlobal
